
Microsoft Visual Studio Solution File, Format Version 12.00
# Visual Studio Version 16
VisualStudioVersion = 16.0.29509.3
MinimumVisualStudioVersion = 10.0.40219.1
Project("{FAE04EC0-301F-11D3-BF4B-00C04F79EFBC}") = "DACK_1", "DACK_1\DACK_1.csproj", "{1B167531-9429-4ACD-A442-89A3BD88DEFB}"
EndProject
Global
	GlobalSection(SolutionConfigurationPlatforms) = preSolution
		Debug|Any CPU = Debug|Any CPU
		Release|Any CPU = Release|Any CPU
	EndGlobalSection
	GlobalSection(ProjectConfigurationPlatforms) = postSolution
		{1B167531-9429-4ACD-A442-89A3BD88DEFB}.Debug|Any CPU.ActiveCfg = Debug|Any CPU
		{1B167531-9429-4ACD-A442-89A3BD88DEFB}.Debug|Any CPU.Build.0 = Debug|Any CPU
		{1B167531-9429-4ACD-A442-89A3BD88DEFB}.Release|Any CPU.ActiveCfg = Release|Any CPU
		{1B167531-9429-4ACD-A442-89A3BD88DEFB}.Release|Any CPU.Build.0 = Release|Any CPU
	EndGlobalSection
	GlobalSection(SolutionProperties) = preSolution
		HideSolutionNode = FALSE
	EndGlobalSection
	GlobalSection(ExtensibilityGlobals) = postSolution
		SolutionGuid = {D074CED7-FBC3-4B69-8214-2F675BD6C047}
	EndGlobalSection
EndGlobal
